
Microsoft Visual Studio Solution File, Format Version 12.00
# Visual Studio Version 17
VisualStudioVersion = 17.0.32112.339
MinimumVisualStudioVersion = 10.0.40219.1
Project("{FAE04EC0-301F-11D3-BF4B-00C04F79EFBC}") = "RepositorySearch", "RepositorySearch\RepositorySearch.csproj", "{33EE3730-E419-4E2B-AB48-A09DC4EA12FF}"
EndProject
Global
	GlobalSection(SolutionConfigurationPlatforms) = preSolution
		Debug|Any CPU = Debug|Any CPU
		Release|Any CPU = Release|Any CPU
	EndGlobalSection
	GlobalSection(ProjectConfigurationPlatforms) = postSolution
		{33EE3730-E419-4E2B-AB48-A09DC4EA12FF}.Debug|Any CPU.ActiveCfg = Debug|Any CPU
		{33EE3730-E419-4E2B-AB48-A09DC4EA12FF}.Debug|Any CPU.Build.0 = Debug|Any CPU
		{33EE3730-E419-4E2B-AB48-A09DC4EA12FF}.Release|Any CPU.ActiveCfg = Release|Any CPU
		{33EE3730-E419-4E2B-AB48-A09DC4EA12FF}.Release|Any CPU.Build.0 = Release|Any CPU
	EndGlobalSection
	GlobalSection(SolutionProperties) = preSolution
		HideSolutionNode = FALSE
	EndGlobalSection
	GlobalSection(ExtensibilityGlobals) = postSolution
		SolutionGuid = {65C6B515-44B6-4E48-96AB-A5B5DD9CB512}
	EndGlobalSection
EndGlobal
